{
  "name": "practice",
  "version": "1.0.0",
  "lockfileVersion": 3,
  "requires": true,
  "packages": {
    "": {
      "name": "practice",
      "version": "1.0.0",
      "license": "ISC",
      "dependencies": {
        "color": "^5.0.0",
        "colors": "^1.4.0",
        "figlet": "^1.8.0"
      }
    },
    "node_modules/color": {
      "version": "5.0.0",
      "resolved": "https://registry.npmjs.org/color/-/color-5.0.0.tgz",
      "integrity": "sha512-16BlyiuyLq3MLxpRWyOTiWsO3ii/eLQLJUQXBSNcxMBBSnyt1ee9YUdaozQp03ifwm5woztEZGDbk9RGVuCsdw==",
      "license": "MIT",
      "dependencies": {
        "color-convert": "^3.0.1",
        "color-string": "^2.0.0"
      },
      "engines": {
        "node": ">=18"
      }
    },
    "node_modules/color-convert": {
      "version": "3.0.1",
      "resolved": "https://registry.npmjs.org/color-convert/-/color-convert-3.0.1.tgz",
      "integrity": "sha512-5kQah2eolfQV7HCrxtsBBArPfT5dwaKYMCXeMQsdRO7ihTO/cuNLGjd50ITCDn+ZU/YbS0Go64SjP9154eopxg==",
      "license": "MIT",
      "dependencies": {
        "color-name": "^2.0.0"
      },
      "engines": {
        "node": ">=14.6"
      }
    },
    "node_modules/color-name": {
      "version": "2.0.0",
      "resolved": "https://registry.npmjs.org/color-name/-/color-name-2.0.0.tgz",
      "integrity": "sha512-SbtvAMWvASO5TE2QP07jHBMXKafgdZz8Vrsrn96fiL+O92/FN/PLARzUW5sKt013fjAprK2d2iCn2hk2Xb5oow==",
      "license": "MIT",
      "engines": {
        "node": ">=12.20"
      }
    },
    "node_modules/color-string": {
      "version": "2.0.1",
      "resolved": "https://registry.npmjs.org/color-string/-/color-string-2.0.1.tgz",
      "integrity": "sha512-5z9FbYTZPAo8iKsNEqRNv+OlpBbDcoE+SY9GjLfDUHEfcNNV7tS9eSAlFHEaub/r5tBL9LtskAeq1l9SaoZ5tQ==",
      "license": "MIT",
      "dependencies": {
        "color-name": "^2.0.0"
      },
      "engines": {
        "node": ">=18"
      }
    },
    "node_modules/colors": {
      "version": "1.4.0",
      "resolved": "https://registry.npmjs.org/colors/-/colors-1.4.0.tgz",
      "integrity": "sha512-a+UqTh4kgZg/SlGvfbzDHpgRu7AAQOmmqRHJnxhRZICKFUT91brVhNNt58CMWU9PsBbv3PDCZUHbVxuDiH2mtA==",
      "license": "MIT",
      "engines": {
        "node": ">=0.1.90"
      }
    },
    "node_modules/figlet": {
      "version": "1.8.0",
      "resolved": "https://registry.npmjs.org/figlet/-/figlet-1.8.0.tgz",
      "integrity": "sha512-chzvGjd+Sp7KUvPHZv6EXV5Ir3Q7kYNpCr4aHrRW79qFtTefmQZNny+W1pW9kf5zeE6dikku2W50W/wAH2xWgw==",
      "license": "MIT",
      "bin": {
        "figlet": "bin/index.js"
      },
      "engines": {
        "node": ">= 0.4.0"
      }
    }
  }
}
